
Microsoft Visual Studio Solution File, Format Version 12.00
# Visual Studio 15
VisualStudioVersion = 15.0.26430.6
MinimumVisualStudioVersion = 10.0.40219.1
Project("{9A19103F-16F7-4668-BE54-9A1E7A4F7556}") = "AspNetSecurity-m4", "AspNetSecurity-m4\AspNetSecurity-m4.csproj", "{B3519136-ED7B-4727-BF85-A80D95AB5B51}"
EndProject
Project("{9A19103F-16F7-4668-BE54-9A1E7A4F7556}") = "AspNetSecurity-m4-Shared", "AspNetSecurity-m4-Shared\AspNetSecurity-m4-Shared.csproj", "{8EFB45DC-7E20-4CE4-B90B-1F69E855B207}"
EndProject
Project("{9A19103F-16F7-4668-BE54-9A1E7A4F7556}") = "AspNetSecurity-m4-Api", "AspNetSecurity-m4-Api\AspNetSecurity-m4-Api.csproj", "{8002C349-2489-4101-9E0B-0B386CD391C1}"
EndProject
Project("{9A19103F-16F7-4668-BE54-9A1E7A4F7556}") = "ExternalApiClient", "ExternalApiClient\ExternalApiClient.csproj", "{C0A3C9F7-12B2-422A-97D9-C91700630DB6}"
EndProject
Project("{9A19103F-16F7-4668-BE54-9A1E7A4F7556}") = "QuickstartIdentityServer", "QuickstartIdentityServer\QuickstartIdentityServer.csproj", "{7295D0C7-9CFE-412F-8376-78FF9A3B72E7}"
EndProject
Global
	GlobalSection(SolutionConfigurationPlatforms) = preSolution
		Debug|Any CPU = Debug|Any CPU
		Release|Any CPU = Release|Any CPU
	EndGlobalSection
	GlobalSection(ProjectConfigurationPlatforms) = postSolution
		{B3519136-ED7B-4727-BF85-A80D95AB5B51}.Debug|Any CPU.ActiveCfg = Debug|Any CPU
		{B3519136-ED7B-4727-BF85-A80D95AB5B51}.Debug|Any CPU.Build.0 = Debug|Any CPU
		{B3519136-ED7B-4727-BF85-A80D95AB5B51}.Release|Any CPU.ActiveCfg = Release|Any CPU
		{B3519136-ED7B-4727-BF85-A80D95AB5B51}.Release|Any CPU.Build.0 = Release|Any CPU
		{8EFB45DC-7E20-4CE4-B90B-1F69E855B207}.Debug|Any CPU.ActiveCfg = Debug|Any CPU
		{8EFB45DC-7E20-4CE4-B90B-1F69E855B207}.Debug|Any CPU.Build.0 = Debug|Any CPU
		{8EFB45DC-7E20-4CE4-B90B-1F69E855B207}.Release|Any CPU.ActiveCfg = Release|Any CPU
		{8EFB45DC-7E20-4CE4-B90B-1F69E855B207}.Release|Any CPU.Build.0 = Release|Any CPU
		{8002C349-2489-4101-9E0B-0B386CD391C1}.Debug|Any CPU.ActiveCfg = Debug|Any CPU
		{8002C349-2489-4101-9E0B-0B386CD391C1}.Debug|Any CPU.Build.0 = Debug|Any CPU
		{8002C349-2489-4101-9E0B-0B386CD391C1}.Release|Any CPU.ActiveCfg = Release|Any CPU
		{8002C349-2489-4101-9E0B-0B386CD391C1}.Release|Any CPU.Build.0 = Release|Any CPU
		{C0A3C9F7-12B2-422A-97D9-C91700630DB6}.Debug|Any CPU.ActiveCfg = Debug|Any CPU
		{C0A3C9F7-12B2-422A-97D9-C91700630DB6}.Debug|Any CPU.Build.0 = Debug|Any CPU
		{C0A3C9F7-12B2-422A-97D9-C91700630DB6}.Release|Any CPU.ActiveCfg = Release|Any CPU
		{C0A3C9F7-12B2-422A-97D9-C91700630DB6}.Release|Any CPU.Build.0 = Release|Any CPU
		{7295D0C7-9CFE-412F-8376-78FF9A3B72E7}.Debug|Any CPU.ActiveCfg = Debug|Any CPU
		{7295D0C7-9CFE-412F-8376-78FF9A3B72E7}.Debug|Any CPU.Build.0 = Debug|Any CPU
		{7295D0C7-9CFE-412F-8376-78FF9A3B72E7}.Release|Any CPU.ActiveCfg = Release|Any CPU
		{7295D0C7-9CFE-412F-8376-78FF9A3B72E7}.Release|Any CPU.Build.0 = Release|Any CPU
	EndGlobalSection
	GlobalSection(SolutionProperties) = preSolution
		HideSolutionNode = FALSE
	EndGlobalSection
EndGlobal
